dependencies:
- name: greet-server
  repository: file://../greet-server
  version: 0.1.0
- name: greet-server
  repository: file://../greet-server
  version: 0.1.0
- name: greet-server
  repository: file://../greet-server
  version: 0.1.0
- name: greet-server
  repository: file://../greet-server
  version: 0.1.0
- name: greet-client
  repository: file://../greet-client
  version: 0.1.0
digest: sha256:0c3e903b7331dadaf5c919f967381c3758e681e0f6fa37447cf8513df5a84f5b
generated: "2026-09-13T15:51:52.1837322+02:00"
