dependencies:
- name: greet-server
  repository: file://../greet-server
  version: 0.1.0
- name: greet-server
  repository: file://../greet-server
  version: 0.1.0
- name: greet-server
  repository: file://../greet-server
  version: 0.1.0
- name: greet-server
  repository: file://../greet-server
  version: 0.1.0
- name: greet-client
  repository: file://../greet-client
  version: 0.1.0
- name: greet-client
  repository: file://../greet-client
  version: 0.1.0
- name: greet-client
  repository: file://../greet-client
  version: 0.1.0
digest: sha256:b7af569c4f1dff722eed1eaf44ae262aae38d136d8a40434ff84ae5933d30174
generated: "2026-09-14T21:19:00.0774844+02:00"
